
Microsoft Visual Studio Solution File, Format Version 12.00
# Visual Studio Version 17
VisualStudioVersion = 17.8.34316.72
MinimumVisualStudioVersion = 10.0.40219.1
Project("{FAE04EC0-301F-11D3-BF4B-00C04F79EFBC}") = "visualisation_graph", "visualisation_graph\visualisation_graph.csproj", "{F1C96882-CA9F-4F48-BE0A-676C77EB3B17}"
EndProject
Global
	GlobalSection(SolutionConfigurationPlatforms) = preSolution
		Debug|Any CPU = Debug|Any CPU
		Release|Any CPU = Release|Any CPU
	EndGlobalSection
	GlobalSection(ProjectConfigurationPlatforms) = postSolution
		{F1C96882-CA9F-4F48-BE0A-676C77EB3B17}.Debug|Any CPU.ActiveCfg = Debug|Any CPU
		{F1C96882-CA9F-4F48-BE0A-676C77EB3B17}.Debug|Any CPU.Build.0 = Debug|Any CPU
		{F1C96882-CA9F-4F48-BE0A-676C77EB3B17}.Release|Any CPU.ActiveCfg = Release|Any CPU
		{F1C96882-CA9F-4F48-BE0A-676C77EB3B17}.Release|Any CPU.Build.0 = Release|Any CPU
	EndGlobalSection
	GlobalSection(SolutionProperties) = preSolution
		HideSolutionNode = FALSE
	EndGlobalSection
	GlobalSection(ExtensibilityGlobals) = postSolution
		SolutionGuid = {7E5F415A-D154-438F-8AEE-46114F0838BE}
	EndGlobalSection
EndGlobal
